<?xml version="1.0" encoding="utf-8"?>
<Project ToolsVersion="4.0" xmlns="http://schemas.microsoft.com/developer/msbuild/2003">
  <ItemGroup>
    <Filter Include="Source Files">
      <UniqueIdentifier>{4FC737F1-C7A5-4376-A066-2A32D752A2FF}</UniqueIdentifier>
      <Extensions>cpp;c;cc;cxx;c++;cppm;ixx;def;odl;idl;hpj;bat;asm;asmx</Extensions>
    </Filter>
    <Filter Include="Header Files">
      <UniqueIdentifier>{93995380-89BD-4b04-88EB-625FBE52EBFB}</UniqueIdentifier>
      <Extensions>h;hh;hpp;hxx;h++;hm;inl;inc;ipp;xsd</Extensions>
    </Filter>
    <Filter Include="Resource Files">
      <UniqueIdentifier>{67DA6AB6-F800-4c08-8B7A-83BB121AAD01}</UniqueIdentifier>
      <Extensions>rc;ico;cur;bmp;dlg;rc2;rct;bin;rgs;gif;jpg;jpeg;jpe;resx;tiff;tif;png;wav;mfcribbon-ms</Extensions>
    </Filter>
  </ItemGroup>
  <ItemGroup>
    <ClInclude Include="include\EngineLib\Application.h">
      <Filter>Header Files</Filter>
    </ClInclude>
    <ClInclude Include="include\EngineLib\Engine.h">
      <Filter>Header Files</Filter>
    </ClInclude>
    <ClInclude Include="include\EngineLib\Input\InputManager.h">
      <Filter>Header Files</Filter>
    </ClInclude>
    <ClInclude Include="include\EngineLib\Time.h">
      <Filter>Header Files</Filter>
    </ClInclude>
    <ClInclude Include="include\EngineLib\Shader.h">
      <Filter>Header Files</Filter>
    </ClInclude>
    <ClInclude Include="include\EngineLib\Texture2D.h">
      <Filter>Header Files</Filter>
    </ClInclude>
    <ClInclude Include="include\EngineLib\AllComponents.h">
      <Filter>Header Files</Filter>
    </ClInclude>
    <ClInclude Include="include\EngineLib\ComponentBase.h">
      <Filter>Header Files</Filter>
    </ClInclude>
    <ClInclude Include="include\EngineLib\GameObject.h">
      <Filter>Header Files</Filter>
    </ClInclude>
    <ClInclude Include="include\EngineLib\Components\Camera_C.h">
      <Filter>Header Files</Filter>
    </ClInclude>
    <ClInclude Include="include\EngineLib\GameObjectManager.h">
      <Filter>Header Files</Filter>
    </ClInclude>
    <ClInclude Include="include\EngineLib\Components\Transform_C.h">
      <Filter>Header Files</Filter>
    </ClInclude>
    <ClInclude Include="include\EngineLib\Components\MeshRenderer_C.h">
      <Filter>Header Files</Filter>
    </ClInclude>
    <ClInclude Include="include\EngineLib\Mesh.h">
      <Filter>Header Files</Filter>
    </ClInclude>
    <ClInclude Include="include\EngineLib\Vertex.h">
      <Filter>Header Files</Filter>
    </ClInclude>
    <ClInclude Include="include\EngineLib\EngineTypes.h">
      <Filter>Header Files</Filter>
    </ClInclude>
    <ClInclude Include="include\EngineLib\ResourceManager.h">
      <Filter>Header Files</Filter>
    </ClInclude>
    <ClInclude Include="include\EngineLib\AssetRepository.h">
      <Filter>Header Files</Filter>
    </ClInclude>
    <ClInclude Include="include\EngineLib\Material.h">
      <Filter>Header Files</Filter>
    </ClInclude>
    <ClInclude Include="include\EngineLib\ComponentTypeID.h">
      <Filter>Header Files</Filter>
    </ClInclude>
    <ClInclude Include="include\EngineLib\Renderer.h">
      <Filter>Header Files</Filter>
    </ClInclude>
    <ClInclude Include="include\EngineLib\Components\Script_C.h">
      <Filter>Header Files</Filter>
    </ClInclude>
    <ClInclude Include="include\EngineLib\Script.h">
      <Filter>Header Files</Filter>
    </ClInclude>
    <ClInclude Include="include\EngineLib\Components\FreeCameraController_C.h">
      <Filter>Header Files</Filter>
    </ClInclude>
    <ClInclude Include="include\EngineLib\Debugger.h">
      <Filter>Header Files</Filter>
    </ClInclude>
    <ClInclude Include="include\EngineLib\DebuggerWindows.h">
      <Filter>Header Files</Filter>
    </ClInclude>
    <ClInclude Include="include\EngineLib\IconsFontAwesome5Pro.h">
      <Filter>Header Files</Filter>
    </ClInclude>
    <ClInclude Include="include\EngineLib\RenderLayerManager.h">
      <Filter>Header Files</Filter>
    </ClInclude>
    <ClInclude Include="include\EngineLib\UI.h">
      <Filter>Header Files</Filter>
    </ClInclude>
    <ClInclude Include="include\EngineLib\UI\UIManager.h">
      <Filter>Header Files</Filter>
    </ClInclude>
    <ClInclude Include="include\EngineLib\UI\Elements\Element.h">
      <Filter>Header Files</Filter>
    </ClInclude>
    <ClInclude Include="include\EngineLib\IDManager.h">
      <Filter>Header Files</Filter>
    </ClInclude>
    <ClInclude Include="include\EngineLib\UI\Style.h">
      <Filter>Header Files</Filter>
    </ClInclude>
    <ClInclude Include="include\EngineLib\FontManager.h">
      <Filter>Header Files</Filter>
    </ClInclude>
    <ClInclude Include="include\EngineLib\FontAsset.h">
      <Filter>Header Files</Filter>
    </ClInclude>
    <ClInclude Include="include\EngineLib\Nurom_Bold_ttf.h">
      <Filter>Header Files</Filter>
    </ClInclude>
    <ClInclude Include="include\EngineLib\UI\StylingAttribute.h">
      <Filter>Header Files</Filter>
    </ClInclude>
    <ClInclude Include="include\EngineLib\UI\UIElements.h">
      <Filter>Header Files</Filter>
    </ClInclude>
    <ClInclude Include="include\EngineLib\UI\Elements\Panel.h">
      <Filter>Header Files</Filter>
    </ClInclude>
    <ClInclude Include="include\EngineLib\Input.h">
      <Filter>Header Files</Filter>
    </ClInclude>
    <ClInclude Include="include\EngineLib\Input\InputAction.h">
      <Filter>Header Files</Filter>
    </ClInclude>
    <ClInclude Include="include\EngineLib\Input\InputLayerManager.h">
      <Filter>Header Files</Filter>
    </ClInclude>
    <ClInclude Include="include\EngineLib\ShaderBindObject.h">
      <Filter>Header Files</Filter>
    </ClInclude>
  </ItemGroup>
  <ItemGroup>
    <ClCompile Include="src\EngineLib\Application.cpp">
      <Filter>Source Files</Filter>
    </ClCompile>
    <ClCompile Include="src\EngineLib\Engine.cpp">
      <Filter>Source Files</Filter>
    </ClCompile>
    <ClCompile Include="src\EngineLib\Input\InputManager.cpp">
      <Filter>Source Files</Filter>
    </ClCompile>
    <ClCompile Include="src\EngineLib\Time.cpp">
      <Filter>Source Files</Filter>
    </ClCompile>
    <ClCompile Include="src\EngineLib\glad.c">
      <Filter>Source Files</Filter>
    </ClCompile>
    <ClCompile Include="src\EngineLib\Shader.cpp">
      <Filter>Source Files</Filter>
    </ClCompile>
    <ClCompile Include="src\EngineLib\Texture2D.cpp">
      <Filter>Source Files</Filter>
    </ClCompile>
    <ClCompile Include="src\EngineLib\ComponentBase.cpp">
      <Filter>Source Files</Filter>
    </ClCompile>
    <ClCompile Include="src\EngineLib\GameObject.cpp">
      <Filter>Source Files</Filter>
    </ClCompile>
    <ClCompile Include="src\EngineLib\Components\Camera_C.cpp">
      <Filter>Source Files</Filter>
    </ClCompile>
    <ClCompile Include="src\EngineLib\GameObjectManager.cpp">
      <Filter>Source Files</Filter>
    </ClCompile>
    <ClCompile Include="src\EngineLib\Components\Transform_C.cpp">
      <Filter>Source Files</Filter>
    </ClCompile>
    <ClCompile Include="src\EngineLib\Components\MeshRenderer_C.cpp">
      <Filter>Source Files</Filter>
    </ClCompile>
    <ClCompile Include="src\EngineLib\Mesh.cpp">
      <Filter>Source Files</Filter>
    </ClCompile>
    <ClCompile Include="src\EngineLib\Vertex.cpp">
      <Filter>Source Files</Filter>
    </ClCompile>
    <ClCompile Include="src\EngineLib\ResourceManager.cpp">
      <Filter>Source Files</Filter>
    </ClCompile>
    <ClCompile Include="src\EngineLib\AssetRepository.cpp">
      <Filter>Source Files</Filter>
    </ClCompile>
    <ClCompile Include="src\EngineLib\Material.cpp">
      <Filter>Source Files</Filter>
    </ClCompile>
    <ClCompile Include="src\EngineLib\Renderer.cpp">
      <Filter>Source Files</Filter>
    </ClCompile>
    <ClCompile Include="src\EngineLib\Components\Script_C.cpp">
      <Filter>Source Files</Filter>
    </ClCompile>
    <ClCompile Include="src\EngineLib\Components\FreeCameraController_C.cpp">
      <Filter>Source Files</Filter>
    </ClCompile>
    <ClCompile Include="src\EngineLib\Debugger.cpp">
      <Filter>Source Files</Filter>
    </ClCompile>
    <ClCompile Include="src\EngineLib\DebuggerWindows.cpp">
      <Filter>Source Files</Filter>
    </ClCompile>
    <ClCompile Include="include\EngineLib\IComponentUIRenderer.h">
      <Filter>Source Files</Filter>
    </ClCompile>
    <ClCompile Include="include\EngineLib\ComponentRendererImGui.h">
      <Filter>Source Files</Filter>
    </ClCompile>
    <ClCompile Include="src\EngineLib\RenderLayerManager.cpp">
      <Filter>Source Files</Filter>
    </ClCompile>
    <ClCompile Include="include\EngineLib\Profiler.h">
      <Filter>Source Files</Filter>
    </ClCompile>
    <ClCompile Include="src\EngineLib\Profiler.cpp">
      <Filter>Source Files</Filter>
    </ClCompile>
    <ClCompile Include="src\EngineLib\UI\UIManager.cpp">
      <Filter>Source Files</Filter>
    </ClCompile>
    <ClCompile Include="src\EngineLib\UI\Elements\Element.cpp">
      <Filter>Source Files</Filter>
    </ClCompile>
    <ClCompile Include="src\EngineLib\IDManager.cpp">
      <Filter>Source Files</Filter>
    </ClCompile>
    <ClCompile Include="src\EngineLib\UI\Style.cpp">
      <Filter>Source Files</Filter>
    </ClCompile>
    <ClCompile Include="src\EngineLib\FontManager.cpp">
      <Filter>Source Files</Filter>
    </ClCompile>
    <ClCompile Include="src\EngineLib\FontAsset.cpp">
      <Filter>Source Files</Filter>
    </ClCompile>
    <ClCompile Include="include\EngineLib\Components\TextRenderer_C.h">
      <Filter>Source Files</Filter>
    </ClCompile>
    <ClCompile Include="src\EngineLib\Components\TextRenderer_C.cpp">
      <Filter>Source Files</Filter>
    </ClCompile>
    <ClCompile Include="include\EngineLib\Components\SpriteRenderer_C.h">
      <Filter>Source Files</Filter>
    </ClCompile>
    <ClCompile Include="src\EngineLib\Components\SpriteRenderer_C.cpp">
      <Filter>Source Files</Filter>
    </ClCompile>
    <ClCompile Include="src\EngineLib\UI\Elements\Panel.cpp">
      <Filter>Source Files</Filter>
    </ClCompile>
    <ClCompile Include="include\EngineLib\UI\UITypes.h">
      <Filter>Source Files</Filter>
    </ClCompile>
    <ClCompile Include="include\EngineLib\Input\InputTypes.h">
      <Filter>Source Files</Filter>
    </ClCompile>
    <ClCompile Include="src\EngineLib\Input\InputAction.cpp">
      <Filter>Source Files</Filter>
    </ClCompile>
    <ClCompile Include="src\EngineLib\Input\InputLayerManager.cpp">
      <Filter>Source Files</Filter>
    </ClCompile>
    <ClCompile Include="src\EngineLib\Input\InputTypes.cpp">
      <Filter>Source Files</Filter>
    </ClCompile>
    <ClCompile Include="src\EngineLib\ShaderBindObject.cpp">
      <Filter>Source Files</Filter>
    </ClCompile>
  </ItemGroup>
  <ItemGroup>
    <None Include="include\EngineLib\GameObject.inl">
      <Filter>Header Files</Filter>
    </None>
    <None Include="include\EngineLib\UI\UIManager.inl">
      <Filter>Header Files</Filter>
    </None>
    <None Include="include\EngineLib\ShaderBindObject.inl">
      <Filter>Header Files</Filter>
    </None>
  </ItemGroup>
  <ItemGroup>
    <Font Include="assets\fonts\fa-solid-900.ttf" />
    <Font Include="assets\fonts\NotoSans-Regular.ttf" />
  </ItemGroup>
  <ItemGroup>
    <Image Include="assets\blending_transparent_window.png">
      <Filter>Resource Files</Filter>
    </Image>
    <Image Include="assets\images.jpg">
      <Filter>Resource Files</Filter>
    </Image>
    <Image Include="assets\fish.png">
      <Filter>Resource Files</Filter>
    </Image>
    <Image Include="assets\graTest.jpg">
      <Filter>Resource Files</Filter>
    </Image>
    <Image Include="assets\graTest.png">
      <Filter>Resource Files</Filter>
    </Image>
  </ItemGroup>
</Project>